
Microsoft Visual Studio Solution File, Format Version 12.00
# Visual Studio Version 17
VisualStudioVersion = 17.0.31903.59
MinimumVisualStudioVersion = 10.0.40219.1
Project("{FAE04EC0-301F-11D3-BF4B-00C04F79EFBC}") = "Specification", "Specification\Specification.csproj", "{1EC8B2A5-5783-4B6D-9FD5-61A651214E63}"
EndProject
Global
	GlobalSection(SolutionConfigurationPlatforms) = preSolution
		Debug|Any CPU = Debug|Any CPU
		Release|Any CPU = Release|Any CPU
	EndGlobalSection
	GlobalSection(ProjectConfigurationPlatforms) = postSolution
		{1EC8B2A5-5783-4B6D-9FD5-61A651214E63}.Debug|Any CPU.ActiveCfg = Debug|Any CPU
		{1EC8B2A5-5783-4B6D-9FD5-61A651214E63}.Debug|Any CPU.Build.0 = Debug|Any CPU
		{1EC8B2A5-5783-4B6D-9FD5-61A651214E63}.Release|Any CPU.ActiveCfg = Release|Any CPU
		{1EC8B2A5-5783-4B6D-9FD5-61A651214E63}.Release|Any CPU.Build.0 = Release|Any CPU
	EndGlobalSection
	GlobalSection(SolutionProperties) = preSolution
		HideSolutionNode = FALSE
	EndGlobalSection
	GlobalSection(ExtensibilityGlobals) = postSolution
		SolutionGuid = {2E2B0DD2-409E-4CE7-920A-D12C18849C29}
	EndGlobalSection
EndGlobal
