
Microsoft Visual Studio Solution File, Format Version 12.00
# Visual Studio Version 16
VisualStudioVersion = 16.0.31911.196
MinimumVisualStudioVersion = 10.0.40219.1
Project("{2150E333-8FDC-42A3-9474-1A3956D46DE8}") = "src", "src", "{364412D2-96B2-4A10-94E6-7F3ED8FFEF61}"
EndProject
Project("{2150E333-8FDC-42A3-9474-1A3956D46DE8}") = "test", "test", "{C12B9C50-FCA1-4366-9E95-A687AFEF1CD6}"
EndProject
Project("{FAE04EC0-301F-11D3-BF4B-00C04F79EFBC}") = "MyOrder", "src\MyOrder\MyOrder.csproj", "{EAAA390E-E9A3-4580-9536-D34A1BAF1E97}"
EndProject
Project("{FAE04EC0-301F-11D3-BF4B-00C04F79EFBC}") = "MyOrder.Tests.Unit", "test\MyOrder.Tests.Unit\MyOrder.Tests.Unit.csproj", "{2D97EAF0-1CFA-484A-ABD9-19CB547A25BB}"
EndProject
Global
	GlobalSection(SolutionConfigurationPlatforms) = preSolution
		Debug|Any CPU = Debug|Any CPU
		Release|Any CPU = Release|Any CPU
	EndGlobalSection
	GlobalSection(ProjectConfigurationPlatforms) = postSolution
		{EAAA390E-E9A3-4580-9536-D34A1BAF1E97}.Debug|Any CPU.ActiveCfg = Debug|Any CPU
		{EAAA390E-E9A3-4580-9536-D34A1BAF1E97}.Debug|Any CPU.Build.0 = Debug|Any CPU
		{EAAA390E-E9A3-4580-9536-D34A1BAF1E97}.Release|Any CPU.ActiveCfg = Release|Any CPU
		{EAAA390E-E9A3-4580-9536-D34A1BAF1E97}.Release|Any CPU.Build.0 = Release|Any CPU
		{2D97EAF0-1CFA-484A-ABD9-19CB547A25BB}.Debug|Any CPU.ActiveCfg = Debug|Any CPU
		{2D97EAF0-1CFA-484A-ABD9-19CB547A25BB}.Debug|Any CPU.Build.0 = Debug|Any CPU
		{2D97EAF0-1CFA-484A-ABD9-19CB547A25BB}.Release|Any CPU.ActiveCfg = Release|Any CPU
		{2D97EAF0-1CFA-484A-ABD9-19CB547A25BB}.Release|Any CPU.Build.0 = Release|Any CPU
	EndGlobalSection
	GlobalSection(SolutionProperties) = preSolution
		HideSolutionNode = FALSE
	EndGlobalSection
	GlobalSection(NestedProjects) = preSolution
		{EAAA390E-E9A3-4580-9536-D34A1BAF1E97} = {364412D2-96B2-4A10-94E6-7F3ED8FFEF61}
		{2D97EAF0-1CFA-484A-ABD9-19CB547A25BB} = {C12B9C50-FCA1-4366-9E95-A687AFEF1CD6}
	EndGlobalSection
	GlobalSection(ExtensibilityGlobals) = postSolution
		SolutionGuid = {A66524E9-3A9D-4BC4-898B-D097A33F6222}
	EndGlobalSection
EndGlobal
