
Microsoft Visual Studio Solution File, Format Version 12.00
# Visual Studio Version 16
VisualStudioVersion = 16.0.31205.134
MinimumVisualStudioVersion = 10.0.40219.1
Project("{FAE04EC0-301F-11D3-BF4B-00C04F79EFBC}") = "BuilderSample", "BuilderSample\BuilderSample.csproj", "{3094A313-336A-44D0-80BC-B17FCDBBE450}"
EndProject
Project("{FAE04EC0-301F-11D3-BF4B-00C04F79EFBC}") = "BuilderSample.Tests", "BuilderSample.Tests\BuilderSample.Tests.csproj", "{16867356-F111-4A2E-9736-292EC0606B67}"
EndProject
Global
	GlobalSection(SolutionConfigurationPlatforms) = preSolution
		Debug|Any CPU = Debug|Any CPU
		Release|Any CPU = Release|Any CPU
	EndGlobalSection
	GlobalSection(ProjectConfigurationPlatforms) = postSolution
		{3094A313-336A-44D0-80BC-B17FCDBBE450}.Debug|Any CPU.ActiveCfg = Debug|Any CPU
		{3094A313-336A-44D0-80BC-B17FCDBBE450}.Debug|Any CPU.Build.0 = Debug|Any CPU
		{3094A313-336A-44D0-80BC-B17FCDBBE450}.Release|Any CPU.ActiveCfg = Release|Any CPU
		{3094A313-336A-44D0-80BC-B17FCDBBE450}.Release|Any CPU.Build.0 = Release|Any CPU
		{16867356-F111-4A2E-9736-292EC0606B67}.Debug|Any CPU.ActiveCfg = Debug|Any CPU
		{16867356-F111-4A2E-9736-292EC0606B67}.Debug|Any CPU.Build.0 = Debug|Any CPU
		{16867356-F111-4A2E-9736-292EC0606B67}.Release|Any CPU.ActiveCfg = Release|Any CPU
		{16867356-F111-4A2E-9736-292EC0606B67}.Release|Any CPU.Build.0 = Release|Any CPU
	EndGlobalSection
	GlobalSection(SolutionProperties) = preSolution
		HideSolutionNode = FALSE
	EndGlobalSection
	GlobalSection(ExtensibilityGlobals) = postSolution
		SolutionGuid = {563C83FA-6798-4916-868B-F99FB14965DF}
	EndGlobalSection
EndGlobal
