
Microsoft Visual Studio Solution File, Format Version 12.00
# Visual Studio Version 16
VisualStudioVersion = 16.0.31205.134
MinimumVisualStudioVersion = 10.0.40219.1
Project("{FAE04EC0-301F-11D3-BF4B-00C04F79EFBC}") = "ShapeGenerator", "ShapeGenerator\ShapeGenerator.csproj", "{2AD311B6-3583-4484-BA0D-C6E8F7F830BE}"
EndProject
Global
	GlobalSection(SolutionConfigurationPlatforms) = preSolution
		Debug|Any CPU = Debug|Any CPU
		Release|Any CPU = Release|Any CPU
	EndGlobalSection
	GlobalSection(ProjectConfigurationPlatforms) = postSolution
		{2AD311B6-3583-4484-BA0D-C6E8F7F830BE}.Debug|Any CPU.ActiveCfg = Debug|Any CPU
		{2AD311B6-3583-4484-BA0D-C6E8F7F830BE}.Debug|Any CPU.Build.0 = Debug|Any CPU
		{2AD311B6-3583-4484-BA0D-C6E8F7F830BE}.Release|Any CPU.ActiveCfg = Release|Any CPU
		{2AD311B6-3583-4484-BA0D-C6E8F7F830BE}.Release|Any CPU.Build.0 = Release|Any CPU
	EndGlobalSection
	GlobalSection(SolutionProperties) = preSolution
		HideSolutionNode = FALSE
	EndGlobalSection
	GlobalSection(ExtensibilityGlobals) = postSolution
		SolutionGuid = {490E3AFE-756E-461C-83FE-9EFB38B9B1DC}
	EndGlobalSection
EndGlobal
