
Microsoft Visual Studio Solution File, Format Version 12.00
# Visual Studio Version 16
VisualStudioVersion = 16.0.31205.134
MinimumVisualStudioVersion = 10.0.40219.1
Project("{FAE04EC0-301F-11D3-BF4B-00C04F79EFBC}") = "Payment.Domain", "Payment.Domain\Payment.Domain.csproj", "{C06D5D36-99F5-4AC5-86A1-3F6C26515DAB}"
EndProject
Project("{FAE04EC0-301F-11D3-BF4B-00C04F79EFBC}") = "Payment.Domain.Tests", "Payment.Domain.Tests\Payment.Domain.Tests.csproj", "{C5689A63-2AF7-417C-A400-43D84DEA60DC}"
EndProject
Global
	GlobalSection(SolutionConfigurationPlatforms) = preSolution
		Debug|Any CPU = Debug|Any CPU
		Release|Any CPU = Release|Any CPU
	EndGlobalSection
	GlobalSection(ProjectConfigurationPlatforms) = postSolution
		{C06D5D36-99F5-4AC5-86A1-3F6C26515DAB}.Debug|Any CPU.ActiveCfg = Debug|Any CPU
		{C06D5D36-99F5-4AC5-86A1-3F6C26515DAB}.Debug|Any CPU.Build.0 = Debug|Any CPU
		{C06D5D36-99F5-4AC5-86A1-3F6C26515DAB}.Release|Any CPU.ActiveCfg = Release|Any CPU
		{C06D5D36-99F5-4AC5-86A1-3F6C26515DAB}.Release|Any CPU.Build.0 = Release|Any CPU
		{C5689A63-2AF7-417C-A400-43D84DEA60DC}.Debug|Any CPU.ActiveCfg = Debug|Any CPU
		{C5689A63-2AF7-417C-A400-43D84DEA60DC}.Debug|Any CPU.Build.0 = Debug|Any CPU
		{C5689A63-2AF7-417C-A400-43D84DEA60DC}.Release|Any CPU.ActiveCfg = Release|Any CPU
		{C5689A63-2AF7-417C-A400-43D84DEA60DC}.Release|Any CPU.Build.0 = Release|Any CPU
	EndGlobalSection
	GlobalSection(SolutionProperties) = preSolution
		HideSolutionNode = FALSE
	EndGlobalSection
	GlobalSection(ExtensibilityGlobals) = postSolution
		SolutionGuid = {FC77325A-4773-4F4C-B567-6FB9AF8DC552}
	EndGlobalSection
EndGlobal
